// !$*UTF8*$!
{
	archiveVersion = 1;
	classes = {
	};
	objectVersion = 50;
	objects = {

/* Begin PBXBuildFile section */
		43218A1E25B4804800B7C28B /* SpotCellView.swift in Sources */ = {isa = PBXBuildFile; fileRef = 43218A1A25B4804800B7C28B /* SpotCellView.swift */; };
		4334894825B7AB310063AB77 /* SpotDetailView.swift in Sources */ = {isa = PBXBuildFile; fileRef = 4334894725B7AB310063AB77 /* SpotDetailView.swift */; };
		4342798A25B5282300E0DE2D /* CloudKit.framework in Frameworks */ = {isa = PBXBuildFile; fileRef = 4342798925B5282300E0DE2D /* CloudKit.framework */; };
		436B580625B5FE5B0020883B /* SpotCellContent.swift in Sources */ = {isa = PBXBuildFile; fileRef = 436B580525B5FE5B0020883B /* SpotCellContent.swift */; };
		436E0A5425B5154000BD456D /* HomeContent.swift in Sources */ = {isa = PBXBuildFile; fileRef = 436E0A5325B5154000BD456D /* HomeContent.swift */; };
		438BEF1725B47EBE00CA5042 /* NiceSpotApp.swift in Sources */ = {isa = PBXBuildFile; fileRef = 438BEF1625B47EBE00CA5042 /* NiceSpotApp.swift */; };
		438BEF1B25B47EBF00CA5042 /* Assets.xcassets in Resources */ = {isa = PBXBuildFile; fileRef = 438BEF1A25B47EBF00CA5042 /* Assets.xcassets */; };
		438BEF1E25B47EBF00CA5042 /* Preview Assets.xcassets in Resources */ = {isa = PBXBuildFile; fileRef = 438BEF1D25B47EBF00CA5042 /* Preview Assets.xcassets */; };
		438BEF2025B47EBF00CA5042 /* Persistence.swift in Sources */ = {isa = PBXBuildFile; fileRef = 438BEF1F25B47EBF00CA5042 /* Persistence.swift */; };
		438BEF2325B47EBF00CA5042 /* NiceSpot.xcdatamodeld in Sources */ = {isa = PBXBuildFile; fileRef = 438BEF2125B47EBF00CA5042 /* NiceSpot.xcdatamodeld */; };
		43B1CA4125B48AA900B9E5EE /* HomeView.swift in Sources */ = {isa = PBXBuildFile; fileRef = 43B1CA4025B48AA900B9E5EE /* HomeView.swift */; };
		43B538E825BA421E00321B05 /* MapView.swift in Sources */ = {isa = PBXBuildFile; fileRef = 43B538E725BA421E00321B05 /* MapView.swift */; };
		43D0648425B7E27900AC69A6 /* SpotDetailContent.swift in Sources */ = {isa = PBXBuildFile; fileRef = 43D0648325B7E27900AC69A6 /* SpotDetailContent.swift */; };
/* End PBXBuildFile section */

/* Begin PBXFileReference section */
		43218A1A25B4804800B7C28B /* SpotCellView.swift */ = {isa = PBXFileReference; lastKnownFileType = sourcecode.swift; path = SpotCellView.swift; sourceTree = "<group>"; };
		4334894725B7AB310063AB77 /* SpotDetailView.swift */ = {isa = PBXFileReference; lastKnownFileType = sourcecode.swift; path = SpotDetailView.swift; sourceTree = "<group>"; };
		4342798725B5282000E0DE2D /* NiceSpot.entitlements */ = {isa = PBXFileReference; lastKnownFileType = text.plist.entitlements; path = NiceSpot.entitlements; sourceTree = "<group>"; };
		4342798925B5282300E0DE2D /* CloudKit.framework */ = {isa = PBXFileReference; lastKnownFileType = wrapper.framework; name = CloudKit.framework; path = System/Library/Frameworks/CloudKit.framework; sourceTree = SDKROOT; };
		436B580525B5FE5B0020883B /* SpotCellContent.swift */ = {isa = PBXFileReference; lastKnownFileType = sourcecode.swift; path = SpotCellContent.swift; sourceTree = "<group>"; };
		436E0A5325B5154000BD456D /* HomeContent.swift */ = {isa = PBXFileReference; lastKnownFileType = sourcecode.swift; path = HomeContent.swift; sourceTree = "<group>"; };
		438BEF1325B47EBE00CA5042 /* NiceSpot.app */ = {isa = PBXFileReference; explicitFileType = wrapper.application; includeInIndex = 0; path = NiceSpot.app; sourceTree = BUILT_PRODUCTS_DIR; };
		438BEF1625B47EBE00CA5042 /* NiceSpotApp.swift */ = {isa = PBXFileReference; lastKnownFileType = sourcecode.swift; path = NiceSpotApp.swift; sourceTree = "<group>"; };
		438BEF1A25B47EBF00CA5042 /* Assets.xcassets */ = {isa = PBXFileReference; lastKnownFileType = folder.assetcatalog; path = Assets.xcassets; sourceTree = "<group>"; };
		438BEF1D25B47EBF00CA5042 /* Preview Assets.xcassets */ = {isa = PBXFileReference; lastKnownFileType = folder.assetcatalog; path = "Preview Assets.xcassets"; sourceTree = "<group>"; };
		438BEF1F25B47EBF00CA5042 /* Persistence.swift */ = {isa = PBXFileReference; lastKnownFileType = sourcecode.swift; path = Persistence.swift; sourceTree = "<group>"; };
		438BEF2225B47EBF00CA5042 /* NiceSpot.xcdatamodel */ = {isa = PBXFileReference; lastKnownFileType = wrapper.xcdatamodel; path = NiceSpot.xcdatamodel; sourceTree = "<group>"; };
		438BEF2425B47EBF00CA5042 /* Info.plist */ = {isa = PBXFileReference; lastKnownFileType = text.plist.xml; path = Info.plist; sourceTree = "<group>"; };
		43B1CA4025B48AA900B9E5EE /* HomeView.swift */ = {isa = PBXFileReference; fileEncoding = 4; lastKnownFileType = sourcecode.swift; path = HomeView.swift; sourceTree = "<group>"; };
		43B538E725BA421E00321B05 /* MapView.swift */ = {isa = PBXFileReference; lastKnownFileType = sourcecode.swift; path = MapView.swift; sourceTree = "<group>"; };
		43D0648325B7E27900AC69A6 /* SpotDetailContent.swift */ = {isa = PBXFileReference; lastKnownFileType = sourcecode.swift; path = SpotDetailContent.swift; sourceTree = "<group>"; };
/* End PBXFileReference section */

/* Begin PBXFrameworksBuildPhase section */
		438BEF1025B47EBE00CA5042 /* Frameworks */ = {
			isa = PBXFrameworksBuildPhase;
			buildActionMask = 2147483647;
			files = (
				4342798A25B5282300E0DE2D /* CloudKit.framework in Frameworks */,
			);
			runOnlyForDeploymentPostprocessing = 0;
		};
/* End PBXFrameworksBuildPhase section */

/* Begin PBXGroup section */
		4342798825B5282300E0DE2D /* Frameworks */ = {
			isa = PBXGroup;
			children = (
				4342798925B5282300E0DE2D /* CloudKit.framework */,
			);
			name = Frameworks;
			sourceTree = "<group>";
		};
		438AED8625BDFAFC005EF804 /* Controller */ = {
			isa = PBXGroup;
			children = (
				436E0A5325B5154000BD456D /* HomeContent.swift */,
				436B580525B5FE5B0020883B /* SpotCellContent.swift */,
				43D0648325B7E27900AC69A6 /* SpotDetailContent.swift */,
			);
			path = Controller;
			sourceTree = "<group>";
		};
		438BEF0A25B47EBE00CA5042 = {
			isa = PBXGroup;
			children = (
				438BEF1525B47EBE00CA5042 /* NiceSpot */,
				438BEF1425B47EBE00CA5042 /* Products */,
				4342798825B5282300E0DE2D /* Frameworks */,
			);
			sourceTree = "<group>";
		};
		438BEF1425B47EBE00CA5042 /* Products */ = {
			isa = PBXGroup;
			children = (
				438BEF1325B47EBE00CA5042 /* NiceSpot.app */,
			);
			name = Products;
			sourceTree = "<group>";
		};
		438BEF1525B47EBE00CA5042 /* NiceSpot */ = {
			isa = PBXGroup;
			children = (
				4342798725B5282000E0DE2D /* NiceSpot.entitlements */,
				438BEF1625B47EBE00CA5042 /* NiceSpotApp.swift */,
				43B1CA4325B48B0A00B9E5EE /* View */,
				438AED8625BDFAFC005EF804 /* Controller */,
				438BEF1A25B47EBF00CA5042 /* Assets.xcassets */,
				438BEF2425B47EBF00CA5042 /* Info.plist */,
				43B1CA4525B48B9600B9E5EE /* Model */,
				438BEF1C25B47EBF00CA5042 /* Preview Content */,
			);
			path = NiceSpot;
			sourceTree = "<group>";
		};
		438BEF1C25B47EBF00CA5042 /* Preview Content */ = {
			isa = PBXGroup;
			children = (
				438BEF1D25B47EBF00CA5042 /* Preview Assets.xcassets */,
			);
			path = "Preview Content";
			sourceTree = "<group>";
		};
		43B1CA4325B48B0A00B9E5EE /* View */ = {
			isa = PBXGroup;
			children = (
				43B1CA4025B48AA900B9E5EE /* HomeView.swift */,
				43218A1A25B4804800B7C28B /* SpotCellView.swift */,
				4334894725B7AB310063AB77 /* SpotDetailView.swift */,
				43B538E725BA421E00321B05 /* MapView.swift */,
			);
			path = View;
			sourceTree = "<group>";
		};
		43B1CA4525B48B9600B9E5EE /* Model */ = {
			isa = PBXGroup;
			children = (
				438BEF2125B47EBF00CA5042 /* NiceSpot.xcdatamodeld */,
				438BEF1F25B47EBF00CA5042 /* Persistence.swift */,
			);
			path = Model;
			sourceTree = "<group>";
		};
/* End PBXGroup section */

/* Begin PBXNativeTarget section */
		438BEF1225B47EBE00CA5042 /* NiceSpot */ = {
			isa = PBXNativeTarget;
			buildConfigurationList = 438BEF2725B47EBF00CA5042 /* Build configuration list for PBXNativeTarget "NiceSpot" */;
			buildPhases = (
				438BEF0F25B47EBE00CA5042 /* Sources */,
				438BEF1025B47EBE00CA5042 /* Frameworks */,
				438BEF1125B47EBE00CA5042 /* Resources */,
			);
			buildRules = (
			);
			dependencies = (
			);
			name = NiceSpot;
			productName = NiceSpot;
			productReference = 438BEF1325B47EBE00CA5042 /* NiceSpot.app */;
			productType = "com.apple.product-type.application";
		};
/* End PBXNativeTarget section */

/* Begin PBXProject section */
		438BEF0B25B47EBE00CA5042 /* Project object */ = {
			isa = PBXProject;
			attributes = {
				LastSwiftUpdateCheck = 1230;
				LastUpgradeCheck = 1230;
				TargetAttributes = {
					438BEF1225B47EBE00CA5042 = {
						CreatedOnToolsVersion = 12.3;
					};
				};
			};
			buildConfigurationList = 438BEF0E25B47EBE00CA5042 /* Build configuration list for PBXProject "NiceSpot" */;
			compatibilityVersion = "Xcode 9.3";
			developmentRegion = en;
			hasScannedForEncodings = 0;
			knownRegions = (
				en,
				Base,
			);
			mainGroup = 438BEF0A25B47EBE00CA5042;
			productRefGroup = 438BEF1425B47EBE00CA5042 /* Products */;
			projectDirPath = "";
			projectRoot = "";
			targets = (
				438BEF1225B47EBE00CA5042 /* NiceSpot */,
			);
		};
/* End PBXProject section */

/* Begin PBXResourcesBuildPhase section */
		438BEF1125B47EBE00CA5042 /* Resources */ = {
			isa = PBXResourcesBuildPhase;
			buildActionMask = 2147483647;
			files = (
				438BEF1E25B47EBF00CA5042 /* Preview Assets.xcassets in Resources */,
				438BEF1B25B47EBF00CA5042 /* Assets.xcassets in Resources */,
			);
			runOnlyForDeploymentPostprocessing = 0;
		};
/* End PBXResourcesBuildPhase section */

/* Begin PBXSourcesBuildPhase section */
		438BEF0F25B47EBE00CA5042 /* Sources */ = {
			isa = PBXSourcesBuildPhase;
			buildActionMask = 2147483647;
			files = (
				43B538E825BA421E00321B05 /* MapView.swift in Sources */,
				436B580625B5FE5B0020883B /* SpotCellContent.swift in Sources */,
				438BEF2025B47EBF00CA5042 /* Persistence.swift in Sources */,
				4334894825B7AB310063AB77 /* SpotDetailView.swift in Sources */,
				43218A1E25B4804800B7C28B /* SpotCellView.swift in Sources */,
				438BEF2325B47EBF00CA5042 /* NiceSpot.xcdatamodeld in Sources */,
				438BEF1725B47EBE00CA5042 /* NiceSpotApp.swift in Sources */,
				43B1CA4125B48AA900B9E5EE /* HomeView.swift in Sources */,
				43D0648425B7E27900AC69A6 /* SpotDetailContent.swift in Sources */,
				436E0A5425B5154000BD456D /* HomeContent.swift in Sources */,
			);
			runOnlyForDeploymentPostprocessing = 0;
		};
/* End PBXSourcesBuildPhase section */

/* Begin XCBuildConfiguration section */
		438BEF2525B47EBF00CA5042 /* Debug */ = {
			isa = XCBuildConfiguration;
			buildSettings = {
				ALWAYS_SEARCH_USER_PATHS = NO;
				CLANG_ANALYZER_NONNULL = YES;
				CLANG_ANALYZER_NUMBER_OBJECT_CONVERSION = YES_AGGRESSIVE;
				CLANG_CXX_LANGUAGE_STANDARD = "gnu++14";
				CLANG_CXX_LIBRARY = "libc++";
				CLANG_ENABLE_MODULES = YES;
				CLANG_ENABLE_OBJC_ARC = YES;
				CLANG_ENABLE_OBJC_WEAK = YES;
				CLANG_WARN_BLOCK_CAPTURE_AUTORELEASING = YES;
				CLANG_WARN_BOOL_CONVERSION = YES;
				CLANG_WARN_COMMA = YES;
				CLANG_WARN_CONSTANT_CONVERSION = YES;
				CLANG_WARN_DEPRECATED_OBJC_IMPLEMENTATIONS = YES;
				CLANG_WARN_DIRECT_OBJC_ISA_USAGE = YES_ERROR;
				CLANG_WARN_DOCUMENTATION_COMMENTS = YES;
				CLANG_WARN_EMPTY_BODY = YES;
				CLANG_WARN_ENUM_CONVERSION = YES;
				CLANG_WARN_INFINITE_RECURSION = YES;
				CLANG_WARN_INT_CONVERSION = YES;
				CLANG_WARN_NON_LITERAL_NULL_CONVERSION = YES;
				CLANG_WARN_OBJC_IMPLICIT_RETAIN_SELF = YES;
				CLANG_WARN_OBJC_LITERAL_CONVERSION = YES;
				CLANG_WARN_OBJC_ROOT_CLASS = YES_ERROR;
				CLANG_WARN_QUOTED_INCLUDE_IN_FRAMEWORK_HEADER = YES;
				CLANG_WARN_RANGE_LOOP_ANALYSIS = YES;
				CLANG_WARN_STRICT_PROTOTYPES = YES;
				CLANG_WARN_SUSPICIOUS_MOVE = YES;
				CLANG_WARN_UNGUARDED_AVAILABILITY = YES_AGGRESSIVE;
				CLANG_WARN_UNREACHABLE_CODE = YES;
				CLANG_WARN__DUPLICATE_METHOD_MATCH = YES;
				COPY_PHASE_STRIP = NO;
				DEBUG_INFORMATION_FORMAT = dwarf;
				ENABLE_STRICT_OBJC_MSGSEND = YES;
				ENABLE_TESTABILITY = YES;
				GCC_C_LANGUAGE_STANDARD = gnu11;
				GCC_DYNAMIC_NO_PIC = NO;
				GCC_NO_COMMON_BLOCKS = YES;
				GCC_OPTIMIZATION_LEVEL = 0;
				GCC_PREPROCESSOR_DEFINITIONS = (
					"DEBUG=1",
					"$(inherited)",
				);
				GCC_WARN_64_TO_32_BIT_CONVERSION = YES;
				GCC_WARN_ABOUT_RETURN_TYPE = YES_ERROR;
				GCC_WARN_UNDECLARED_SELECTOR = YES;
				GCC_WARN_UNINITIALIZED_AUTOS = YES_AGGRESSIVE;
				GCC_WARN_UNUSED_FUNCTION = YES;
				GCC_WARN_UNUSED_VARIABLE = YES;
				IPHONEOS_DEPLOYMENT_TARGET = 14.3;
				MTL_ENABLE_DEBUG_INFO = INCLUDE_SOURCE;
				MTL_FAST_MATH = YES;
				ONLY_ACTIVE_ARCH = YES;
				SDKROOT = iphoneos;
				SWIFT_ACTIVE_COMPILATION_CONDITIONS = DEBUG;
				SWIFT_OPTIMIZATION_LEVEL = "-Onone";
			};
			name = Debug;
		};
		438BEF2625B47EBF00CA5042 /* Release */ = {
			isa = XCBuildConfiguration;
			buildSettings = {
				ALWAYS_SEARCH_USER_PATHS = NO;
				CLANG_ANALYZER_NONNULL = YES;
				CLANG_ANALYZER_NUMBER_OBJECT_CONVERSION = YES_AGGRESSIVE;
				CLANG_CXX_LANGUAGE_STANDARD = "gnu++14";
				CLANG_CXX_LIBRARY = "libc++";
				CLANG_ENABLE_MODULES = YES;
				CLANG_ENABLE_OBJC_ARC = YES;
				CLANG_ENABLE_OBJC_WEAK = YES;
				CLANG_WARN_BLOCK_CAPTURE_AUTORELEASING = YES;
				CLANG_WARN_BOOL_CONVERSION = YES;
				CLANG_WARN_COMMA = YES;
				CLANG_WARN_CONSTANT_CONVERSION = YES;
				CLANG_WARN_DEPRECATED_OBJC_IMPLEMENTATIONS = YES;
				CLANG_WARN_DIRECT_OBJC_ISA_USAGE = YES_ERROR;
				CLANG_WARN_DOCUMENTATION_COMMENTS = YES;
				CLANG_WARN_EMPTY_BODY = YES;
				CLANG_WARN_ENUM_CONVERSION = YES;
				CLANG_WARN_INFINITE_RECURSION = YES;
				CLANG_WARN_INT_CONVERSION = YES;
				CLANG_WARN_NON_LITERAL_NULL_CONVERSION = YES;
				CLANG_WARN_OBJC_IMPLICIT_RETAIN_SELF = YES;
				CLANG_WARN_OBJC_LITERAL_CONVERSION = YES;
				CLANG_WARN_OBJC_ROOT_CLASS = YES_ERROR;
				CLANG_WARN_QUOTED_INCLUDE_IN_FRAMEWORK_HEADER = YES;
				CLANG_WARN_RANGE_LOOP_ANALYSIS = YES;
				CLANG_WARN_STRICT_PROTOTYPES = YES;
				CLANG_WARN_SUSPICIOUS_MOVE = YES;
				CLANG_WARN_UNGUARDED_AVAILABILITY = YES_AGGRESSIVE;
				CLANG_WARN_UNREACHABLE_CODE = YES;
				CLANG_WARN__DUPLICATE_METHOD_MATCH = YES;
				COPY_PHASE_STRIP = NO;
				DEBUG_INFORMATION_FORMAT = "dwarf-with-dsym";
				ENABLE_NS_ASSERTIONS = NO;
				ENABLE_STRICT_OBJC_MSGSEND = YES;
				GCC_C_LANGUAGE_STANDARD = gnu11;
				GCC_NO_COMMON_BLOCKS = YES;
				GCC_WARN_64_TO_32_BIT_CONVERSION = YES;
				GCC_WARN_ABOUT_RETURN_TYPE = YES_ERROR;
				GCC_WARN_UNDECLARED_SELECTOR = YES;
				GCC_WARN_UNINITIALIZED_AUTOS = YES_AGGRESSIVE;
				GCC_WARN_UNUSED_FUNCTION = YES;
				GCC_WARN_UNUSED_VARIABLE = YES;
				IPHONEOS_DEPLOYMENT_TARGET = 14.3;
				MTL_ENABLE_DEBUG_INFO = NO;
				MTL_FAST_MATH = YES;
				SDKROOT = iphoneos;
				SWIFT_COMPILATION_MODE = wholemodule;
				SWIFT_OPTIMIZATION_LEVEL = "-O";
				VALIDATE_PRODUCT = YES;
			};
			name = Release;
		};
		438BEF2825B47EBF00CA5042 /* Debug */ = {
			isa = XCBuildConfiguration;
			buildSettings = {
				ASSETCATALOG_COMPILER_APPICON_NAME = AppIcon;
				ASSETCATALOG_COMPILER_GLOBAL_ACCENT_COLOR_NAME = AccentColor;
				CODE_SIGN_ENTITLEMENTS = NiceSpot/NiceSpot.entitlements;
				CODE_SIGN_STYLE = Automatic;
				DEVELOPMENT_ASSET_PATHS = "\"NiceSpot/Preview Content\"";
				DEVELOPMENT_TEAM = W8A2PVHCN3;
				ENABLE_PREVIEWS = YES;
				INFOPLIST_FILE = NiceSpot/Info.plist;
				IPHONEOS_DEPLOYMENT_TARGET = 14.0;
				LD_RUNPATH_SEARCH_PATHS = (
					"$(inherited)",
					"@executable_path/Frameworks",
				);
				PRODUCT_BUNDLE_IDENTIFIER = fr.hludovic.NiceSpot;
				PRODUCT_NAME = "$(TARGET_NAME)";
				SWIFT_VERSION = 5.0;
				TARGETED_DEVICE_FAMILY = "1,2";
			};
			name = Debug;
		};
		438BEF2925B47EBF00CA5042 /* Release */ = {
			isa = XCBuildConfiguration;
			buildSettings = {
				ASSETCATALOG_COMPILER_APPICON_NAME = AppIcon;
				ASSETCATALOG_COMPILER_GLOBAL_ACCENT_COLOR_NAME = AccentColor;
				CODE_SIGN_ENTITLEMENTS = NiceSpot/NiceSpot.entitlements;
				CODE_SIGN_STYLE = Automatic;
				DEVELOPMENT_ASSET_PATHS = "\"NiceSpot/Preview Content\"";
				DEVELOPMENT_TEAM = W8A2PVHCN3;
				ENABLE_PREVIEWS = YES;
				INFOPLIST_FILE = NiceSpot/Info.plist;
				IPHONEOS_DEPLOYMENT_TARGET = 14.0;
				LD_RUNPATH_SEARCH_PATHS = (
					"$(inherited)",
					"@executable_path/Frameworks",
				);
				PRODUCT_BUNDLE_IDENTIFIER = fr.hludovic.NiceSpot;
				PRODUCT_NAME = "$(TARGET_NAME)";
				SWIFT_VERSION = 5.0;
				TARGETED_DEVICE_FAMILY = "1,2";
			};
			name = Release;
		};
/* End XCBuildConfiguration section */

/* Begin XCConfigurationList section */
		438BEF0E25B47EBE00CA5042 /* Build configuration list for PBXProject "NiceSpot" */ = {
			isa = XCConfigurationList;
			buildConfigurations = (
				438BEF2525B47EBF00CA5042 /* Debug */,
				438BEF2625B47EBF00CA5042 /* Release */,
			);
			defaultConfigurationIsVisible = 0;
			defaultConfigurationName = Release;
		};
		438BEF2725B47EBF00CA5042 /* Build configuration list for PBXNativeTarget "NiceSpot" */ = {
			isa = XCConfigurationList;
			buildConfigurations = (
				438BEF2825B47EBF00CA5042 /* Debug */,
				438BEF2925B47EBF00CA5042 /* Release */,
			);
			defaultConfigurationIsVisible = 0;
			defaultConfigurationName = Release;
		};
/* End XCConfigurationList section */

/* Begin XCVersionGroup section */
		438BEF2125B47EBF00CA5042 /* NiceSpot.xcdatamodeld */ = {
			isa = XCVersionGroup;
			children = (
				438BEF2225B47EBF00CA5042 /* NiceSpot.xcdatamodel */,
			);
			currentVersion = 438BEF2225B47EBF00CA5042 /* NiceSpot.xcdatamodel */;
			path = NiceSpot.xcdatamodeld;
			sourceTree = "<group>";
			versionGroupType = wrapper.xcdatamodel;
		};
/* End XCVersionGroup section */
	};
	rootObject = 438BEF0B25B47EBE00CA5042 /* Project object */;
}
